
Microsoft Visual Studio Solution File, Format Version 12.00
# Visual Studio Version 17
VisualStudioVersion = 17.3.32901.215
MinimumVisualStudioVersion = 10.0.40219.1
Project("{9A19103F-16F7-4668-BE54-9A1E7A4F7556}") = "BlazorApp", "BlazorApp\BlazorApp.csproj", "{9F3AE5D5-5245-4445-B7A6-2190F9E4E1DC}"
EndProject
Global
	GlobalSection(SolutionConfigurationPlatforms) = preSolution
		Debug|Any CPU = Debug|Any CPU
		Release|Any CPU = Release|Any CPU
	EndGlobalSection
	GlobalSection(ProjectConfigurationPlatforms) = postSolution
		{9F3AE5D5-5245-4445-B7A6-2190F9E4E1DC}.Debug|Any CPU.ActiveCfg = Debug|Any CPU
		{9F3AE5D5-5245-4445-B7A6-2190F9E4E1DC}.Debug|Any CPU.Build.0 = Debug|Any CPU
		{9F3AE5D5-5245-4445-B7A6-2190F9E4E1DC}.Release|Any CPU.ActiveCfg = Release|Any CPU
		{9F3AE5D5-5245-4445-B7A6-2190F9E4E1DC}.Release|Any CPU.Build.0 = Release|Any CPU
	EndGlobalSection
	GlobalSection(SolutionProperties) = preSolution
		HideSolutionNode = FALSE
	EndGlobalSection
	GlobalSection(ExtensibilityGlobals) = postSolution
		SolutionGuid = {901B9786-18FA-490F-99B1-F6B9B8883E17}
	EndGlobalSection
EndGlobal
